
Microsoft Visual Studio Solution File, Format Version 12.00
# Visual Studio Version 17
VisualStudioVersion = 17.7.34221.43
MinimumVisualStudioVersion = 10.0.40219.1
Project("{FAE04EC0-301F-11D3-BF4B-00C04F79EFBC}") = "Application", "Application\Application.csproj", "{275597DE-1DD5-4A85-BB38-E9E88961AB2B}"
EndProject
Project("{FAE04EC0-301F-11D3-BF4B-00C04F79EFBC}") = "Core", "Core\Core.csproj", "{233DF237-6EE2-40A9-B541-1403FD829194}"
EndProject
Project("{FAE04EC0-301F-11D3-BF4B-00C04F79EFBC}") = "Desktop", "Desktop\Desktop.csproj", "{DD5E5499-E307-43EE-BD28-314CDF118721}"
EndProject
Global
	GlobalSection(SolutionConfigurationPlatforms) = preSolution
		Debug|Any CPU = Debug|Any CPU
		Release|Any CPU = Release|Any CPU
	EndGlobalSection
	GlobalSection(ProjectConfigurationPlatforms) = postSolution
		{275597DE-1DD5-4A85-BB38-E9E88961AB2B}.Debug|Any CPU.ActiveCfg = Debug|Any CPU
		{275597DE-1DD5-4A85-BB38-E9E88961AB2B}.Debug|Any CPU.Build.0 = Debug|Any CPU
		{275597DE-1DD5-4A85-BB38-E9E88961AB2B}.Release|Any CPU.ActiveCfg = Release|Any CPU
		{275597DE-1DD5-4A85-BB38-E9E88961AB2B}.Release|Any CPU.Build.0 = Release|Any CPU
		{233DF237-6EE2-40A9-B541-1403FD829194}.Debug|Any CPU.ActiveCfg = Debug|Any CPU
		{233DF237-6EE2-40A9-B541-1403FD829194}.Debug|Any CPU.Build.0 = Debug|Any CPU
		{233DF237-6EE2-40A9-B541-1403FD829194}.Release|Any CPU.ActiveCfg = Release|Any CPU
		{233DF237-6EE2-40A9-B541-1403FD829194}.Release|Any CPU.Build.0 = Release|Any CPU
		{DD5E5499-E307-43EE-BD28-314CDF118721}.Debug|Any CPU.ActiveCfg = Debug|Any CPU
		{DD5E5499-E307-43EE-BD28-314CDF118721}.Debug|Any CPU.Build.0 = Debug|Any CPU
		{DD5E5499-E307-43EE-BD28-314CDF118721}.Release|Any CPU.ActiveCfg = Release|Any CPU
		{DD5E5499-E307-43EE-BD28-314CDF118721}.Release|Any CPU.Build.0 = Release|Any CPU
	EndGlobalSection
	GlobalSection(SolutionProperties) = preSolution
		HideSolutionNode = FALSE
	EndGlobalSection
	GlobalSection(ExtensibilityGlobals) = postSolution
		SolutionGuid = {66291E91-55AC-44B3-A91F-C372469EEB54}
	EndGlobalSection
EndGlobal
